
Microsoft Visual Studio Solution File, Format Version 12.00
# Visual Studio Version 16
VisualStudioVersion = 16.0.30503.244
MinimumVisualStudioVersion = 10.0.40219.1
Project("{FAE04EC0-301F-11D3-BF4B-00C04F79EFBC}") = "BankarstvoGui", "BankarstvoGui\BankarstvoGui.csproj", "{12F9BFAD-CD23-4D09-BAE1-09BFA8A66DD5}"
EndProject
Project("{FAE04EC0-301F-11D3-BF4B-00C04F79EFBC}") = "BankarstvoLib", "BankarstvoLib\BankarstvoLib.csproj", "{AFBCF4EB-2F26-49D4-A473-21C238976CF8}"
EndProject
Global
	GlobalSection(SolutionConfigurationPlatforms) = preSolution
		Debug|Any CPU = Debug|Any CPU
		Release|Any CPU = Release|Any CPU
	EndGlobalSection
	GlobalSection(ProjectConfigurationPlatforms) = postSolution
		{12F9BFAD-CD23-4D09-BAE1-09BFA8A66DD5}.Debug|Any CPU.ActiveCfg = Debug|Any CPU
		{12F9BFAD-CD23-4D09-BAE1-09BFA8A66DD5}.Debug|Any CPU.Build.0 = Debug|Any CPU
		{12F9BFAD-CD23-4D09-BAE1-09BFA8A66DD5}.Release|Any CPU.ActiveCfg = Release|Any CPU
		{12F9BFAD-CD23-4D09-BAE1-09BFA8A66DD5}.Release|Any CPU.Build.0 = Release|Any CPU
		{AFBCF4EB-2F26-49D4-A473-21C238976CF8}.Debug|Any CPU.ActiveCfg = Debug|Any CPU
		{AFBCF4EB-2F26-49D4-A473-21C238976CF8}.Debug|Any CPU.Build.0 = Debug|Any CPU
		{AFBCF4EB-2F26-49D4-A473-21C238976CF8}.Release|Any CPU.ActiveCfg = Release|Any CPU
		{AFBCF4EB-2F26-49D4-A473-21C238976CF8}.Release|Any CPU.Build.0 = Release|Any CPU
	EndGlobalSection
	GlobalSection(SolutionProperties) = preSolution
		HideSolutionNode = FALSE
	EndGlobalSection
	GlobalSection(ExtensibilityGlobals) = postSolution
		SolutionGuid = {18E09880-435A-44E3-91AD-F71E64F6ED02}
	EndGlobalSection
EndGlobal
