
Microsoft Visual Studio Solution File, Format Version 12.00
# Visual Studio 15
VisualStudioVersion = 15.0.28307.645
MinimumVisualStudioVersion = 10.0.40219.1
Project("{FAE04EC0-301F-11D3-BF4B-00C04F79EFBC}") = "BankAdvanced", "BankAdvanced\BankAdvanced.csproj", "{8FC28975-E74D-45FF-BBE9-2657C1885E46}"
EndProject
Project("{FAE04EC0-301F-11D3-BF4B-00C04F79EFBC}") = "BankLib", "BankaLib\BankLib.csproj", "{1A7A749D-A0FB-4B3B-902E-31515A962E28}"
EndProject
Global
	GlobalSection(SolutionConfigurationPlatforms) = preSolution
		Debug|Any CPU = Debug|Any CPU
		Release|Any CPU = Release|Any CPU
	EndGlobalSection
	GlobalSection(ProjectConfigurationPlatforms) = postSolution
		{8FC28975-E74D-45FF-BBE9-2657C1885E46}.Debug|Any CPU.ActiveCfg = Debug|Any CPU
		{8FC28975-E74D-45FF-BBE9-2657C1885E46}.Debug|Any CPU.Build.0 = Debug|Any CPU
		{8FC28975-E74D-45FF-BBE9-2657C1885E46}.Release|Any CPU.ActiveCfg = Release|Any CPU
		{8FC28975-E74D-45FF-BBE9-2657C1885E46}.Release|Any CPU.Build.0 = Release|Any CPU
		{1A7A749D-A0FB-4B3B-902E-31515A962E28}.Debug|Any CPU.ActiveCfg = Debug|Any CPU
		{1A7A749D-A0FB-4B3B-902E-31515A962E28}.Debug|Any CPU.Build.0 = Debug|Any CPU
		{1A7A749D-A0FB-4B3B-902E-31515A962E28}.Release|Any CPU.ActiveCfg = Release|Any CPU
		{1A7A749D-A0FB-4B3B-902E-31515A962E28}.Release|Any CPU.Build.0 = Release|Any CPU
	EndGlobalSection
	GlobalSection(SolutionProperties) = preSolution
		HideSolutionNode = FALSE
	EndGlobalSection
	GlobalSection(ExtensibilityGlobals) = postSolution
		SolutionGuid = {594C4A80-727C-4DA5-9E93-CB13A230A191}
	EndGlobalSection
EndGlobal
